
Microsoft Visual Studio Solution File, Format Version 12.00
# Visual Studio Version 17
VisualStudioVersion = 17.9.34714.143
MinimumVisualStudioVersion = 10.0.40219.1
Project("{2150E333-8FDC-42A3-9474-1A3956D46DE8}") = "src", "src", "{D821DD90-57E3-44DA-ABD4-DFFFFE9FC957}"
EndProject
Project("{2150E333-8FDC-42A3-9474-1A3956D46DE8}") = "test", "test", "{C2E0F4C5-23CA-4CED-934F-AD52AA54913E}"
EndProject
Project("{FAE04EC0-301F-11D3-BF4B-00C04F79EFBC}") = "POS.Domain", "POS.Domain\POS.Domain.csproj", "{865C1E4D-41C7-4915-A86C-99219A7EDE67}"
EndProject
Project("{FAE04EC0-301F-11D3-BF4B-00C04F79EFBC}") = "POS.Infrastructure", "POS.Infrastructure\POS.Infrastructure.csproj", "{5C896E24-9105-4DDD-97A7-7AE9573D7831}"
EndProject
Project("{FAE04EC0-301F-11D3-BF4B-00C04F79EFBC}") = "POS.Application", "POS.Application\POS.Application.csproj", "{510D23D8-4A0D-4474-AE89-670DC5A9FCF6}"
EndProject
Project("{FAE04EC0-301F-11D3-BF4B-00C04F79EFBC}") = "POS.Api", "POS.Api\POS.Api.csproj", "{0F260586-0C52-4F83-823A-AB564A1F1681}"
EndProject
Project("{FAE04EC0-301F-11D3-BF4B-00C04F79EFBC}") = "POS.Utilities", "POS.Utilities\POS.Utilities.csproj", "{B3CD4EC1-821E-467C-AEDD-7BB3CC2D5598}"
EndProject
Project("{FAE04EC0-301F-11D3-BF4B-00C04F79EFBC}") = "POS.Test", "POS.Test\POS.Test.csproj", "{AF8F379A-29A2-4703-A2CD-656545059AA6}"
EndProject
Global
	GlobalSection(SolutionConfigurationPlatforms) = preSolution
		Debug|Any CPU = Debug|Any CPU
		Release|Any CPU = Release|Any CPU
	EndGlobalSection
	GlobalSection(ProjectConfigurationPlatforms) = postSolution
		{865C1E4D-41C7-4915-A86C-99219A7EDE67}.Debug|Any CPU.ActiveCfg = Debug|Any CPU
		{865C1E4D-41C7-4915-A86C-99219A7EDE67}.Debug|Any CPU.Build.0 = Debug|Any CPU
		{865C1E4D-41C7-4915-A86C-99219A7EDE67}.Release|Any CPU.ActiveCfg = Release|Any CPU
		{865C1E4D-41C7-4915-A86C-99219A7EDE67}.Release|Any CPU.Build.0 = Release|Any CPU
		{5C896E24-9105-4DDD-97A7-7AE9573D7831}.Debug|Any CPU.ActiveCfg = Debug|Any CPU
		{5C896E24-9105-4DDD-97A7-7AE9573D7831}.Debug|Any CPU.Build.0 = Debug|Any CPU
		{5C896E24-9105-4DDD-97A7-7AE9573D7831}.Release|Any CPU.ActiveCfg = Release|Any CPU
		{5C896E24-9105-4DDD-97A7-7AE9573D7831}.Release|Any CPU.Build.0 = Release|Any CPU
		{510D23D8-4A0D-4474-AE89-670DC5A9FCF6}.Debug|Any CPU.ActiveCfg = Debug|Any CPU
		{510D23D8-4A0D-4474-AE89-670DC5A9FCF6}.Debug|Any CPU.Build.0 = Debug|Any CPU
		{510D23D8-4A0D-4474-AE89-670DC5A9FCF6}.Release|Any CPU.ActiveCfg = Release|Any CPU
		{510D23D8-4A0D-4474-AE89-670DC5A9FCF6}.Release|Any CPU.Build.0 = Release|Any CPU
		{0F260586-0C52-4F83-823A-AB564A1F1681}.Debug|Any CPU.ActiveCfg = Debug|Any CPU
		{0F260586-0C52-4F83-823A-AB564A1F1681}.Debug|Any CPU.Build.0 = Debug|Any CPU
		{0F260586-0C52-4F83-823A-AB564A1F1681}.Release|Any CPU.ActiveCfg = Release|Any CPU
		{0F260586-0C52-4F83-823A-AB564A1F1681}.Release|Any CPU.Build.0 = Release|Any CPU
		{B3CD4EC1-821E-467C-AEDD-7BB3CC2D5598}.Debug|Any CPU.ActiveCfg = Debug|Any CPU
		{B3CD4EC1-821E-467C-AEDD-7BB3CC2D5598}.Debug|Any CPU.Build.0 = Debug|Any CPU
		{B3CD4EC1-821E-467C-AEDD-7BB3CC2D5598}.Release|Any CPU.ActiveCfg = Release|Any CPU
		{B3CD4EC1-821E-467C-AEDD-7BB3CC2D5598}.Release|Any CPU.Build.0 = Release|Any CPU
		{AF8F379A-29A2-4703-A2CD-656545059AA6}.Debug|Any CPU.ActiveCfg = Debug|Any CPU
		{AF8F379A-29A2-4703-A2CD-656545059AA6}.Debug|Any CPU.Build.0 = Debug|Any CPU
		{AF8F379A-29A2-4703-A2CD-656545059AA6}.Release|Any CPU.ActiveCfg = Release|Any CPU
		{AF8F379A-29A2-4703-A2CD-656545059AA6}.Release|Any CPU.Build.0 = Release|Any CPU
	EndGlobalSection
	GlobalSection(SolutionProperties) = preSolution
		HideSolutionNode = FALSE
	EndGlobalSection
	GlobalSection(NestedProjects) = preSolution
		{865C1E4D-41C7-4915-A86C-99219A7EDE67} = {D821DD90-57E3-44DA-ABD4-DFFFFE9FC957}
		{5C896E24-9105-4DDD-97A7-7AE9573D7831} = {D821DD90-57E3-44DA-ABD4-DFFFFE9FC957}
		{510D23D8-4A0D-4474-AE89-670DC5A9FCF6} = {D821DD90-57E3-44DA-ABD4-DFFFFE9FC957}
		{0F260586-0C52-4F83-823A-AB564A1F1681} = {D821DD90-57E3-44DA-ABD4-DFFFFE9FC957}
		{B3CD4EC1-821E-467C-AEDD-7BB3CC2D5598} = {D821DD90-57E3-44DA-ABD4-DFFFFE9FC957}
		{AF8F379A-29A2-4703-A2CD-656545059AA6} = {C2E0F4C5-23CA-4CED-934F-AD52AA54913E}
	EndGlobalSection
	GlobalSection(ExtensibilityGlobals) = postSolution
		SolutionGuid = {5D8AA8F2-AA32-4249-897E-70A31434BB5F}
	EndGlobalSection
EndGlobal
